{
  "name": "musicforairports.js",
  "version": "1.0.0",
  "lockfileVersion": 1,
  "requires": true,
  "dependencies": {
    "@babel/runtime": {
      "version": "7.14.0",
      "resolved": "https://registry.npmjs.org/@babel/runtime/-/runtime-7.14.0.tgz",
      "integrity": "sha512-JELkvo/DlpNdJ7dlyw/eY7E0suy5i5GQH+Vlxaq1nsNJ+H7f4Vtv3jMeCEgRhZZQFXTjldYfQgv2qmM6M1v5wA==",
      "requires": {
        "regenerator-runtime": "^0.13.4"
      }
    },
    "automation-events": {
      "version": "4.0.0",
      "resolved": "https://registry.npmjs.org/automation-events/-/automation-events-4.0.0.tgz",
      "integrity": "sha512-DcS6qMkMFlh5ebcJG8/fbVDOC8iyXiltVWk1lBzjmwmpFIvc4eoF2fzSlYoMuBKUI+Adx2NNNKIHO1mHlr3XiA==",
      "requires": {
        "@babel/runtime": "^7.14.0",
        "tslib": "^2.2.0"
      }
    },
    "regenerator-runtime": {
      "version": "0.13.7",
      "resolved": "https://registry.npmjs.org/regenerator-runtime/-/regenerator-runtime-0.13.7.tgz",
      "integrity": "sha512-a54FxoJDIr27pgf7IgeQGxmqUNYrcV338lf/6gH456HZ/PhX+5BcwHXG9ajESmwe6WRO0tAzRUrRmNONWgkrew=="
    },
    "standardized-audio-context": {
      "version": "25.2.1",
      "resolved": "https://registry.npmjs.org/standardized-audio-context/-/standardized-audio-context-25.2.1.tgz",
      "integrity": "sha512-s5N3EV5lHDCCruwGEGtcrLVGUzopAZb5PZ1GTjKSmYa00ZIJtJMc3D4x82hnB7v+X9huJQi1QA+10VCxMqi0pQ==",
      "requires": {
        "@babel/runtime": "^7.14.0",
        "automation-events": "^4.0.0",
        "tslib": "^2.2.0"
      }
    },
    "tone": {
      "version": "14.7.77",
      "resolved": "https://registry.npmjs.org/tone/-/tone-14.7.77.tgz",
      "integrity": "sha512-tCfK73IkLHyzoKUvGq47gyDyxiKLFvKiVCOobynGgBB9Dl0NkxTM2p+eRJXyCYrjJwy9Y0XCMqD3uOYsYt2Fdg==",
      "requires": {
        "standardized-audio-context": "^25.1.8",
        "tslib": "^2.0.1"
      }
    },
    "tslib": {
      "version": "2.2.0",
      "resolved": "https://registry.npmjs.org/tslib/-/tslib-2.2.0.tgz",
      "integrity": "sha512-gS9GVHRU+RGn5KQM2rllAlR3dU6m7AcpJKdtH8gFvQiC4Otgk98XnmMU+nZenHt/+VhnBPWwgrJsyrdcw6i23w=="
    }
  }
}
